
Microsoft Visual Studio Solution File, Format Version 12.00
# Visual Studio Version 16
VisualStudioVersion = 16.0.31515.178
MinimumVisualStudioVersion = 10.0.40219.1
Project("{FAE04EC0-301F-11D3-BF4B-00C04F79EFBC}") = "Online registration by CoR", "Online registration by CoR\Online registration by CoR.csproj", "{8692609A-4B97-4474-B388-BFE4429BC40E}"
EndProject
Global
	GlobalSection(SolutionConfigurationPlatforms) = preSolution
		Debug|Any CPU = Debug|Any CPU
		Release|Any CPU = Release|Any CPU
	EndGlobalSection
	GlobalSection(ProjectConfigurationPlatforms) = postSolution
		{8692609A-4B97-4474-B388-BFE4429BC40E}.Debug|Any CPU.ActiveCfg = Debug|Any CPU
		{8692609A-4B97-4474-B388-BFE4429BC40E}.Debug|Any CPU.Build.0 = Debug|Any CPU
		{8692609A-4B97-4474-B388-BFE4429BC40E}.Release|Any CPU.ActiveCfg = Release|Any CPU
		{8692609A-4B97-4474-B388-BFE4429BC40E}.Release|Any CPU.Build.0 = Release|Any CPU
	EndGlobalSection
	GlobalSection(SolutionProperties) = preSolution
		HideSolutionNode = FALSE
	EndGlobalSection
	GlobalSection(ExtensibilityGlobals) = postSolution
		SolutionGuid = {7A87FB84-8A17-4E9A-ADA5-282E157A57B2}
	EndGlobalSection
EndGlobal
